// !$*UTF8*$!
{
	archiveVersion = 1;
	classes = {
	};
	objectVersion = 46;
	objects = {

/* Begin PBXBuildFile section */
		091939F41DB72861000596E7 /* Reminder.swift in Sources */ = {isa = PBXBuildFile; fileRef = 091939F31DB72861000596E7 /* Reminder.swift */; };
		091939F51DB72861000596E7 /* Reminder.swift in Sources */ = {isa = PBXBuildFile; fileRef = 091939F31DB72861000596E7 /* Reminder.swift */; };
		091939F71DB72DA9000596E7 /* ReminderTableViewCell.swift in Sources */ = {isa = PBXBuildFile; fileRef = 091939F61DB72DA9000596E7 /* ReminderTableViewCell.swift */; };
		095DFC621DB7BF6D005246EA /* ReminderTableViewController.swift in Sources */ = {isa = PBXBuildFile; fileRef = 095DFC611DB7BF6D005246EA /* ReminderTableViewController.swift */; };
		0969CFE11DAAAA5D0092B229 /* AppDelegate.swift in Sources */ = {isa = PBXBuildFile; fileRef = 0969CFE01DAAAA5D0092B229 /* AppDelegate.swift */; };
		0969CFE31DAAAA5D0092B229 /* ReminderViewController.swift in Sources */ = {isa = PBXBuildFile; fileRef = 0969CFE21DAAAA5D0092B229 /* ReminderViewController.swift */; };
		0969CFE61DAAAA5D0092B229 /* Main.storyboard in Resources */ = {isa = PBXBuildFile; fileRef = 0969CFE41DAAAA5D0092B229 /* Main.storyboard */; };
		0969CFE81DAAAA5D0092B229 /* Assets.xcassets in Resources */ = {isa = PBXBuildFile; fileRef = 0969CFE71DAAAA5D0092B229 /* Assets.xcassets */; };
		0969CFEB1DAAAA5D0092B229 /* LaunchScreen.storyboard in Resources */ = {isa = PBXBuildFile; fileRef = 0969CFE91DAAAA5D0092B229 /* LaunchScreen.storyboard */; };
		0969CFF61DAAAA5D0092B229 /* reminder_appTests.swift in Sources */ = {isa = PBXBuildFile; fileRef = 0969CFF51DAAAA5D0092B229 /* reminder_appTests.swift */; };
		C08829651DCAC5DD00AE22BF /* AVFoundation.framework in Frameworks */ = {isa = PBXBuildFile; fileRef = C08829641DCAC5DD00AE22BF /* AVFoundation.framework */; };
		C088296B1DD395D500AE22BF /* Button.png in Resources */ = {isa = PBXBuildFile; fileRef = C08829681DD395D500AE22BF /* Button.png */; };
		C088296C1DD395D500AE22BF /* Info.plist in Resources */ = {isa = PBXBuildFile; fileRef = C08829691DD395D500AE22BF /* Info.plist */; };
/* End PBXBuildFile section */

/* Begin PBXContainerItemProxy section */
		0969CFF21DAAAA5D0092B229 /* PBXContainerItemProxy */ = {
			isa = PBXContainerItemProxy;
			containerPortal = 0969CFD51DAAAA5C0092B229 /* Project object */;
			proxyType = 1;
			remoteGlobalIDString = 0969CFDC1DAAAA5C0092B229;
			remoteInfo = "reminder app";
		};
/* End PBXContainerItemProxy section */

/* Begin PBXFileReference section */
		091939F31DB72861000596E7 /* Reminder.swift */ = {isa = PBXFileReference; fileEncoding = 4; lastKnownFileType = sourcecode.swift; path = Reminder.swift; sourceTree = "<group>"; };
		091939F61DB72DA9000596E7 /* ReminderTableViewCell.swift */ = {isa = PBXFileReference; fileEncoding = 4; lastKnownFileType = sourcecode.swift; path = ReminderTableViewCell.swift; sourceTree = "<group>"; };
		095DFC611DB7BF6D005246EA /* ReminderTableViewController.swift */ = {isa = PBXFileReference; fileEncoding = 4; lastKnownFileType = sourcecode.swift; path = ReminderTableViewController.swift; sourceTree = "<group>"; };
		0969CFDD1DAAAA5D0092B229 /* reminder app.app */ = {isa = PBXFileReference; explicitFileType = wrapper.application; includeInIndex = 0; path = "reminder app.app"; sourceTree = BUILT_PRODUCTS_DIR; };
		0969CFE01DAAAA5D0092B229 /* AppDelegate.swift */ = {isa = PBXFileReference; lastKnownFileType = sourcecode.swift; path = AppDelegate.swift; sourceTree = "<group>"; };
		0969CFE21DAAAA5D0092B229 /* ReminderViewController.swift */ = {isa = PBXFileReference; lastKnownFileType = sourcecode.swift; path = ReminderViewController.swift; sourceTree = "<group>"; };
		0969CFE51DAAAA5D0092B229 /* Base */ = {isa = PBXFileReference; lastKnownFileType = file.storyboard; name = Base; path = Base.lproj/Main.storyboard; sourceTree = "<group>"; };
		0969CFE71DAAAA5D0092B229 /* Assets.xcassets */ = {isa = PBXFileReference; lastKnownFileType = folder.assetcatalog; path = Assets.xcassets; sourceTree = "<group>"; };
		0969CFEA1DAAAA5D0092B229 /* Base */ = {isa = PBXFileReference; lastKnownFileType = file.storyboard; name = Base; path = Base.lproj/LaunchScreen.storyboard; sourceTree = "<group>"; };
		0969CFEC1DAAAA5D0092B229 /* Info.plist */ = {isa = PBXFileReference; lastKnownFileType = text.plist.xml; path = Info.plist; sourceTree = "<group>"; };
		0969CFF11DAAAA5D0092B229 /* reminder appTests.xctest */ = {isa = PBXFileReference; explicitFileType = wrapper.cfbundle; includeInIndex = 0; path = "reminder appTests.xctest"; sourceTree = BUILT_PRODUCTS_DIR; };
		0969CFF51DAAAA5D0092B229 /* reminder_appTests.swift */ = {isa = PBXFileReference; lastKnownFileType = sourcecode.swift; path = reminder_appTests.swift; sourceTree = "<group>"; };
		0969CFF71DAAAA5D0092B229 /* Info.plist */ = {isa = PBXFileReference; lastKnownFileType = text.plist.xml; path = Info.plist; sourceTree = "<group>"; };
		C08829641DCAC5DD00AE22BF /* AVFoundation.framework */ = {isa = PBXFileReference; lastKnownFileType = wrapper.framework; name = AVFoundation.framework; path = System/Library/Frameworks/AVFoundation.framework; sourceTree = SDKROOT; };
		C08829681DD395D500AE22BF /* Button.png */ = {isa = PBXFileReference; lastKnownFileType = image.png; path = Button.png; sourceTree = "<group>"; };
		C08829691DD395D500AE22BF /* Info.plist */ = {isa = PBXFileReference; fileEncoding = 4; lastKnownFileType = text.plist.xml; path = Info.plist; sourceTree = "<group>"; };
/* End PBXFileReference section */

/* Begin PBXFrameworksBuildPhase section */
		0969CFDA1DAAAA5C0092B229 /* Frameworks */ = {
			isa = PBXFrameworksBuildPhase;
			buildActionMask = 2147483647;
			files = (
				C08829651DCAC5DD00AE22BF /* AVFoundation.framework in Frameworks */,
			);
			runOnlyForDeploymentPostprocessing = 0;
		};
		0969CFEE1DAAAA5D0092B229 /* Frameworks */ = {
			isa = PBXFrameworksBuildPhase;
			buildActionMask = 2147483647;
			files = (
			);
			runOnlyForDeploymentPostprocessing = 0;
		};
/* End PBXFrameworksBuildPhase section */

/* Begin PBXGroup section */
		0969CFD41DAAAA5C0092B229 = {
			isa = PBXGroup;
			children = (
				0969CFDF1DAAAA5D0092B229 /* reminder app */,
				0969CFF41DAAAA5D0092B229 /* reminder appTests */,
				0969CFDE1DAAAA5D0092B229 /* Products */,
				C08829631DCAC5DD00AE22BF /* Frameworks */,
			);
			sourceTree = "<group>";
		};
		0969CFDE1DAAAA5D0092B229 /* Products */ = {
			isa = PBXGroup;
			children = (
				0969CFDD1DAAAA5D0092B229 /* reminder app.app */,
				0969CFF11DAAAA5D0092B229 /* reminder appTests.xctest */,
			);
			name = Products;
			sourceTree = "<group>";
		};
		0969CFDF1DAAAA5D0092B229 /* reminder app */ = {
			isa = PBXGroup;
			children = (
				0969CFE01DAAAA5D0092B229 /* AppDelegate.swift */,
				0969CFE21DAAAA5D0092B229 /* ReminderViewController.swift */,
				095DFC611DB7BF6D005246EA /* ReminderTableViewController.swift */,
				0969CFE41DAAAA5D0092B229 /* Main.storyboard */,
				091939F61DB72DA9000596E7 /* ReminderTableViewCell.swift */,
				091939F31DB72861000596E7 /* Reminder.swift */,
				0969CFE71DAAAA5D0092B229 /* Assets.xcassets */,
				0969CFE91DAAAA5D0092B229 /* LaunchScreen.storyboard */,
				0969CFEC1DAAAA5D0092B229 /* Info.plist */,
				C088296A1DD395D500AE22BF /* Supporting Files */,
			);
			path = "reminder app";
			sourceTree = "<group>";
		};
		0969CFF41DAAAA5D0092B229 /* reminder appTests */ = {
			isa = PBXGroup;
			children = (
				0969CFF51DAAAA5D0092B229 /* reminder_appTests.swift */,
				0969CFF71DAAAA5D0092B229 /* Info.plist */,
			);
			path = "reminder appTests";
			sourceTree = "<group>";
		};
		C08829631DCAC5DD00AE22BF /* Frameworks */ = {
			isa = PBXGroup;
			children = (
				C08829641DCAC5DD00AE22BF /* AVFoundation.framework */,
			);
			name = Frameworks;
			sourceTree = "<group>";
		};
		C088296A1DD395D500AE22BF /* Supporting Files */ = {
			isa = PBXGroup;
			children = (
				C08829681DD395D500AE22BF /* Button.png */,
				C08829691DD395D500AE22BF /* Info.plist */,
			);
			name = "Supporting Files";
			path = "../../../iOS-TextToSpeech/tts";
			sourceTree = "<group>";
		};
/* End PBXGroup section */

/* Begin PBXNativeTarget section */
		0969CFDC1DAAAA5C0092B229 /* reminder app */ = {
			isa = PBXNativeTarget;
			buildConfigurationList = 0969CFFA1DAAAA5D0092B229 /* Build configuration list for PBXNativeTarget "reminder app" */;
			buildPhases = (
				0969CFD91DAAAA5C0092B229 /* Sources */,
				0969CFDA1DAAAA5C0092B229 /* Frameworks */,
				0969CFDB1DAAAA5C0092B229 /* Resources */,
			);
			buildRules = (
			);
			dependencies = (
			);
			name = "reminder app";
			productName = "reminder app";
			productReference = 0969CFDD1DAAAA5D0092B229 /* reminder app.app */;
			productType = "com.apple.product-type.application";
		};
		0969CFF01DAAAA5D0092B229 /* reminder appTests */ = {
			isa = PBXNativeTarget;
			buildConfigurationList = 0969CFFD1DAAAA5D0092B229 /* Build configuration list for PBXNativeTarget "reminder appTests" */;
			buildPhases = (
				0969CFED1DAAAA5D0092B229 /* Sources */,
				0969CFEE1DAAAA5D0092B229 /* Frameworks */,
				0969CFEF1DAAAA5D0092B229 /* Resources */,
			);
			buildRules = (
			);
			dependencies = (
				0969CFF31DAAAA5D0092B229 /* PBXTargetDependency */,
			);
			name = "reminder appTests";
			productName = "reminder appTests";
			productReference = 0969CFF11DAAAA5D0092B229 /* reminder appTests.xctest */;
			productType = "com.apple.product-type.bundle.unit-test";
		};
/* End PBXNativeTarget section */

/* Begin PBXProject section */
		0969CFD51DAAAA5C0092B229 /* Project object */ = {
			isa = PBXProject;
			attributes = {
				LastSwiftUpdateCheck = 0800;
				LastUpgradeCheck = 0810;
				TargetAttributes = {
					0969CFDC1DAAAA5C0092B229 = {
						CreatedOnToolsVersion = 8.0;
						DevelopmentTeam = 2ZQXA6S44J;
						ProvisioningStyle = Automatic;
					};
					0969CFF01DAAAA5D0092B229 = {
						CreatedOnToolsVersion = 8.0;
						ProvisioningStyle = Automatic;
						TestTargetID = 0969CFDC1DAAAA5C0092B229;
					};
				};
			};
			buildConfigurationList = 0969CFD81DAAAA5C0092B229 /* Build configuration list for PBXProject "reminder app" */;
			compatibilityVersion = "Xcode 3.2";
			developmentRegion = English;
			hasScannedForEncodings = 0;
			knownRegions = (
				en,
				Base,
			);
			mainGroup = 0969CFD41DAAAA5C0092B229;
			productRefGroup = 0969CFDE1DAAAA5D0092B229 /* Products */;
			projectDirPath = "";
			projectRoot = "";
			targets = (
				0969CFDC1DAAAA5C0092B229 /* reminder app */,
				0969CFF01DAAAA5D0092B229 /* reminder appTests */,
			);
		};
/* End PBXProject section */

/* Begin PBXResourcesBuildPhase section */
		0969CFDB1DAAAA5C0092B229 /* Resources */ = {
			isa = PBXResourcesBuildPhase;
			buildActionMask = 2147483647;
			files = (
				0969CFEB1DAAAA5D0092B229 /* LaunchScreen.storyboard in Resources */,
				0969CFE81DAAAA5D0092B229 /* Assets.xcassets in Resources */,
				0969CFE61DAAAA5D0092B229 /* Main.storyboard in Resources */,
			);
			runOnlyForDeploymentPostprocessing = 0;
		};
		0969CFEF1DAAAA5D0092B229 /* Resources */ = {
			isa = PBXResourcesBuildPhase;
			buildActionMask = 2147483647;
			files = (
				C088296C1DD395D500AE22BF /* Info.plist in Resources */,
				C088296B1DD395D500AE22BF /* Button.png in Resources */,
			);
			runOnlyForDeploymentPostprocessing = 0;
		};
/* End PBXResourcesBuildPhase section */

/* Begin PBXSourcesBuildPhase section */
		0969CFD91DAAAA5C0092B229 /* Sources */ = {
			isa = PBXSourcesBuildPhase;
			buildActionMask = 2147483647;
			files = (
				091939F41DB72861000596E7 /* Reminder.swift in Sources */,
				0969CFE31DAAAA5D0092B229 /* ReminderViewController.swift in Sources */,
				0969CFE11DAAAA5D0092B229 /* AppDelegate.swift in Sources */,
				095DFC621DB7BF6D005246EA /* ReminderTableViewController.swift in Sources */,
				091939F71DB72DA9000596E7 /* ReminderTableViewCell.swift in Sources */,
			);
			runOnlyForDeploymentPostprocessing = 0;
		};
		0969CFED1DAAAA5D0092B229 /* Sources */ = {
			isa = PBXSourcesBuildPhase;
			buildActionMask = 2147483647;
			files = (
				0969CFF61DAAAA5D0092B229 /* reminder_appTests.swift in Sources */,
				091939F51DB72861000596E7 /* Reminder.swift in Sources */,
			);
			runOnlyForDeploymentPostprocessing = 0;
		};
/* End PBXSourcesBuildPhase section */

/* Begin PBXTargetDependency section */
		0969CFF31DAAAA5D0092B229 /* PBXTargetDependency */ = {
			isa = PBXTargetDependency;
			target = 0969CFDC1DAAAA5C0092B229 /* reminder app */;
			targetProxy = 0969CFF21DAAAA5D0092B229 /* PBXContainerItemProxy */;
		};
/* End PBXTargetDependency section */

/* Begin PBXVariantGroup section */
		0969CFE41DAAAA5D0092B229 /* Main.storyboard */ = {
			isa = PBXVariantGroup;
			children = (
				0969CFE51DAAAA5D0092B229 /* Base */,
			);
			name = Main.storyboard;
			sourceTree = "<group>";
		};
		0969CFE91DAAAA5D0092B229 /* LaunchScreen.storyboard */ = {
			isa = PBXVariantGroup;
			children = (
				0969CFEA1DAAAA5D0092B229 /* Base */,
			);
			name = LaunchScreen.storyboard;
			sourceTree = "<group>";
		};
/* End PBXVariantGroup section */

/* Begin XCBuildConfiguration section */
		0969CFF81DAAAA5D0092B229 /* Debug */ = {
			isa = XCBuildConfiguration;
			buildSettings = {
				ALWAYS_SEARCH_USER_PATHS = NO;
				CLANG_ANALYZER_NONNULL = YES;
				CLANG_CXX_LANGUAGE_STANDARD = "gnu++0x";
				CLANG_CXX_LIBRARY = "libc++";
				CLANG_ENABLE_MODULES = YES;
				CLANG_ENABLE_OBJC_ARC = YES;
				CLANG_WARN_BOOL_CONVERSION = YES;
				CLANG_WARN_CONSTANT_CONVERSION = YES;
				CLANG_WARN_DIRECT_OBJC_ISA_USAGE = YES_ERROR;
				CLANG_WARN_DOCUMENTATION_COMMENTS = YES;
				CLANG_WARN_EMPTY_BODY = YES;
				CLANG_WARN_ENUM_CONVERSION = YES;
				CLANG_WARN_INFINITE_RECURSION = YES;
				CLANG_WARN_INT_CONVERSION = YES;
				CLANG_WARN_OBJC_ROOT_CLASS = YES_ERROR;
				CLANG_WARN_SUSPICIOUS_MOVE = YES;
				CLANG_WARN_SUSPICIOUS_MOVES = YES;
				CLANG_WARN_UNREACHABLE_CODE = YES;
				CLANG_WARN__DUPLICATE_METHOD_MATCH = YES;
				"CODE_SIGN_IDENTITY[sdk=iphoneos*]" = "iPhone Developer";
				COPY_PHASE_STRIP = NO;
				DEBUG_INFORMATION_FORMAT = dwarf;
				ENABLE_STRICT_OBJC_MSGSEND = YES;
				ENABLE_TESTABILITY = YES;
				GCC_C_LANGUAGE_STANDARD = gnu99;
				GCC_DYNAMIC_NO_PIC = NO;
				GCC_NO_COMMON_BLOCKS = YES;
				GCC_OPTIMIZATION_LEVEL = 0;
				GCC_PREPROCESSOR_DEFINITIONS = (
					"DEBUG=1",
					"$(inherited)",
				);
				GCC_WARN_64_TO_32_BIT_CONVERSION = YES;
				GCC_WARN_ABOUT_RETURN_TYPE = YES_ERROR;
				GCC_WARN_UNDECLARED_SELECTOR = YES;
				GCC_WARN_UNINITIALIZED_AUTOS = YES_AGGRESSIVE;
				GCC_WARN_UNUSED_FUNCTION = YES;
				GCC_WARN_UNUSED_VARIABLE = YES;
				IPHONEOS_DEPLOYMENT_TARGET = 10.0;
				MTL_ENABLE_DEBUG_INFO = YES;
				ONLY_ACTIVE_ARCH = YES;
				SDKROOT = iphoneos;
				SWIFT_ACTIVE_COMPILATION_CONDITIONS = DEBUG;
				SWIFT_OPTIMIZATION_LEVEL = "-Onone";
				TARGETED_DEVICE_FAMILY = "1,2";
			};
			name = Debug;
		};
		0969CFF91DAAAA5D0092B229 /* Release */ = {
			isa = XCBuildConfiguration;
			buildSettings = {
				ALWAYS_SEARCH_USER_PATHS = NO;
				CLANG_ANALYZER_NONNULL = YES;
				CLANG_CXX_LANGUAGE_STANDARD = "gnu++0x";
				CLANG_CXX_LIBRARY = "libc++";
				CLANG_ENABLE_MODULES = YES;
				CLANG_ENABLE_OBJC_ARC = YES;
				CLANG_WARN_BOOL_CONVERSION = YES;
				CLANG_WARN_CONSTANT_CONVERSION = YES;
				CLANG_WARN_DIRECT_OBJC_ISA_USAGE = YES_ERROR;
				CLANG_WARN_DOCUMENTATION_COMMENTS = YES;
				CLANG_WARN_EMPTY_BODY = YES;
				CLANG_WARN_ENUM_CONVERSION = YES;
				CLANG_WARN_INFINITE_RECURSION = YES;
				CLANG_WARN_INT_CONVERSION = YES;
				CLANG_WARN_OBJC_ROOT_CLASS = YES_ERROR;
				CLANG_WARN_SUSPICIOUS_MOVE = YES;
				CLANG_WARN_SUSPICIOUS_MOVES = YES;
				CLANG_WARN_UNREACHABLE_CODE = YES;
				CLANG_WARN__DUPLICATE_METHOD_MATCH = YES;
				"CODE_SIGN_IDENTITY[sdk=iphoneos*]" = "iPhone Developer";
				COPY_PHASE_STRIP = NO;
				DEBUG_INFORMATION_FORMAT = "dwarf-with-dsym";
				ENABLE_NS_ASSERTIONS = NO;
				ENABLE_STRICT_OBJC_MSGSEND = YES;
				GCC_C_LANGUAGE_STANDARD = gnu99;
				GCC_NO_COMMON_BLOCKS = YES;
				GCC_WARN_64_TO_32_BIT_CONVERSION = YES;
				GCC_WARN_ABOUT_RETURN_TYPE = YES_ERROR;
				GCC_WARN_UNDECLARED_SELECTOR = YES;
				GCC_WARN_UNINITIALIZED_AUTOS = YES_AGGRESSIVE;
				GCC_WARN_UNUSED_FUNCTION = YES;
				GCC_WARN_UNUSED_VARIABLE = YES;
				IPHONEOS_DEPLOYMENT_TARGET = 10.0;
				MTL_ENABLE_DEBUG_INFO = NO;
				SDKROOT = iphoneos;
				SWIFT_OPTIMIZATION_LEVEL = "-Owholemodule";
				TARGETED_DEVICE_FAMILY = "1,2";
				VALIDATE_PRODUCT = YES;
			};
			name = Release;
		};
		0969CFFB1DAAAA5D0092B229 /* Debug */ = {
			isa = XCBuildConfiguration;
			buildSettings = {
				ASSETCATALOG_COMPILER_APPICON_NAME = AppIcon;
				ASSETCATALOG_COMPILER_LAUNCHIMAGE_NAME = LaunchImage;
				DEVELOPMENT_TEAM = 2ZQXA6S44J;
				INFOPLIST_FILE = "reminder app/Info.plist";
				IPHONEOS_DEPLOYMENT_TARGET = 10.0;
				LD_RUNPATH_SEARCH_PATHS = "$(inherited) @executable_path/Frameworks";
				PRODUCT_BUNDLE_IDENTIFIER = "com.example.reminder-app-xyz";
				PRODUCT_NAME = "$(TARGET_NAME)";
				SWIFT_VERSION = 3.0;
			};
			name = Debug;
		};
		0969CFFC1DAAAA5D0092B229 /* Release */ = {
			isa = XCBuildConfiguration;
			buildSettings = {
				ASSETCATALOG_COMPILER_APPICON_NAME = AppIcon;
				ASSETCATALOG_COMPILER_LAUNCHIMAGE_NAME = LaunchImage;
				DEVELOPMENT_TEAM = 2ZQXA6S44J;
				INFOPLIST_FILE = "reminder app/Info.plist";
				IPHONEOS_DEPLOYMENT_TARGET = 10.0;
				LD_RUNPATH_SEARCH_PATHS = "$(inherited) @executable_path/Frameworks";
				PRODUCT_BUNDLE_IDENTIFIER = "com.example.reminder-app-xyz";
				PRODUCT_NAME = "$(TARGET_NAME)";
				SWIFT_VERSION = 3.0;
			};
			name = Release;
		};
		0969CFFE1DAAAA5D0092B229 /* Debug */ = {
			isa = XCBuildConfiguration;
			buildSettings = {
				ALWAYS_EMBED_SWIFT_STANDARD_LIBRARIES = YES;
				BUNDLE_LOADER = "$(TEST_HOST)";
				INFOPLIST_FILE = "reminder appTests/Info.plist";
				LD_RUNPATH_SEARCH_PATHS = "$(inherited) @executable_path/Frameworks @loader_path/Frameworks";
				PRODUCT_BUNDLE_IDENTIFIER = "com.example.reminder-appTests";
				PRODUCT_NAME = "$(TARGET_NAME)";
				SWIFT_VERSION = 3.0;
				TEST_HOST = "$(BUILT_PRODUCTS_DIR)/reminder app.app/reminder app";
			};
			name = Debug;
		};
		0969CFFF1DAAAA5D0092B229 /* Release */ = {
			isa = XCBuildConfiguration;
			buildSettings = {
				ALWAYS_EMBED_SWIFT_STANDARD_LIBRARIES = YES;
				BUNDLE_LOADER = "$(TEST_HOST)";
				INFOPLIST_FILE = "reminder appTests/Info.plist";
				LD_RUNPATH_SEARCH_PATHS = "$(inherited) @executable_path/Frameworks @loader_path/Frameworks";
				PRODUCT_BUNDLE_IDENTIFIER = "com.example.reminder-appTests";
				PRODUCT_NAME = "$(TARGET_NAME)";
				SWIFT_VERSION = 3.0;
				TEST_HOST = "$(BUILT_PRODUCTS_DIR)/reminder app.app/reminder app";
			};
			name = Release;
		};
/* End XCBuildConfiguration section */

/* Begin XCConfigurationList section */
		0969CFD81DAAAA5C0092B229 /* Build configuration list for PBXProject "reminder app" */ = {
			isa = XCConfigurationList;
			buildConfigurations = (
				0969CFF81DAAAA5D0092B229 /* Debug */,
				0969CFF91DAAAA5D0092B229 /* Release */,
			);
			defaultConfigurationIsVisible = 0;
			defaultConfigurationName = Release;
		};
		0969CFFA1DAAAA5D0092B229 /* Build configuration list for PBXNativeTarget "reminder app" */ = {
			isa = XCConfigurationList;
			buildConfigurations = (
				0969CFFB1DAAAA5D0092B229 /* Debug */,
				0969CFFC1DAAAA5D0092B229 /* Release */,
			);
			defaultConfigurationIsVisible = 0;
			defaultConfigurationName = Release;
		};
		0969CFFD1DAAAA5D0092B229 /* Build configuration list for PBXNativeTarget "reminder appTests" */ = {
			isa = XCConfigurationList;
			buildConfigurations = (
				0969CFFE1DAAAA5D0092B229 /* Debug */,
				0969CFFF1DAAAA5D0092B229 /* Release */,
			);
			defaultConfigurationIsVisible = 0;
			defaultConfigurationName = Release;
		};
/* End XCConfigurationList section */
	};
	rootObject = 0969CFD51DAAAA5C0092B229 /* Project object */;
}
